
Microsoft Visual Studio Solution File, Format Version 12.00
Project("{FAE04EC0-301F-11D3-BF4B-00C04F79EFBC}") = "RecipeHub", "RecipeHub\RecipeHub.csproj", "{ABD77F92-BAAC-4B51-AD54-32BE1007D58F}"
EndProject
Project("{FAE04EC0-301F-11D3-BF4B-00C04F79EFBC}") = "RecipeHub.Tests", "RecipeHub.Tests\RecipeHub.Tests.csproj", "{1FC28993-E7AD-455A-95EB-B88BC68002C6}"
EndProject
Global
	GlobalSection(SolutionConfigurationPlatforms) = preSolution
		Debug|Any CPU = Debug|Any CPU
		Debug|x64 = Debug|x64
		Debug|x86 = Debug|x86
		Release|Any CPU = Release|Any CPU
		Release|x64 = Release|x64
		Release|x86 = Release|x86
	EndGlobalSection
	GlobalSection(ProjectConfigurationPlatforms) = postSolution
		{ABD77F92-BAAC-4B51-AD54-32BE1007D58F}.Debug|Any CPU.ActiveCfg = Debug|Any CPU
		{ABD77F92-BAAC-4B51-AD54-32BE1007D58F}.Debug|Any CPU.Build.0 = Debug|Any CPU
		{ABD77F92-BAAC-4B51-AD54-32BE1007D58F}.Debug|x64.ActiveCfg = Debug|Any CPU
		{ABD77F92-BAAC-4B51-AD54-32BE1007D58F}.Debug|x64.Build.0 = Debug|Any CPU
		{ABD77F92-BAAC-4B51-AD54-32BE1007D58F}.Debug|x86.ActiveCfg = Debug|Any CPU
		{ABD77F92-BAAC-4B51-AD54-32BE1007D58F}.Debug|x86.Build.0 = Debug|Any CPU
		{ABD77F92-BAAC-4B51-AD54-32BE1007D58F}.Release|Any CPU.ActiveCfg = Release|Any CPU
		{ABD77F92-BAAC-4B51-AD54-32BE1007D58F}.Release|Any CPU.Build.0 = Release|Any CPU
		{ABD77F92-BAAC-4B51-AD54-32BE1007D58F}.Release|x64.ActiveCfg = Release|Any CPU
		{ABD77F92-BAAC-4B51-AD54-32BE1007D58F}.Release|x64.Build.0 = Release|Any CPU
		{ABD77F92-BAAC-4B51-AD54-32BE1007D58F}.Release|x86.ActiveCfg = Release|Any CPU
		{ABD77F92-BAAC-4B51-AD54-32BE1007D58F}.Release|x86.Build.0 = Release|Any CPU
		{1FC28993-E7AD-455A-95EB-B88BC68002C6}.Debug|Any CPU.ActiveCfg = Debug|Any CPU
		{1FC28993-E7AD-455A-95EB-B88BC68002C6}.Debug|Any CPU.Build.0 = Debug|Any CPU
		{1FC28993-E7AD-455A-95EB-B88BC68002C6}.Debug|x64.ActiveCfg = Debug|Any CPU
		{1FC28993-E7AD-455A-95EB-B88BC68002C6}.Debug|x64.Build.0 = Debug|Any CPU
		{1FC28993-E7AD-455A-95EB-B88BC68002C6}.Debug|x86.ActiveCfg = Debug|Any CPU
		{1FC28993-E7AD-455A-95EB-B88BC68002C6}.Debug|x86.Build.0 = Debug|Any CPU
		{1FC28993-E7AD-455A-95EB-B88BC68002C6}.Release|Any CPU.ActiveCfg = Release|Any CPU
		{1FC28993-E7AD-455A-95EB-B88BC68002C6}.Release|Any CPU.Build.0 = Release|Any CPU
		{1FC28993-E7AD-455A-95EB-B88BC68002C6}.Release|x64.ActiveCfg = Release|Any CPU
		{1FC28993-E7AD-455A-95EB-B88BC68002C6}.Release|x64.Build.0 = Release|Any CPU
		{1FC28993-E7AD-455A-95EB-B88BC68002C6}.Release|x86.ActiveCfg = Release|Any CPU
		{1FC28993-E7AD-455A-95EB-B88BC68002C6}.Release|x86.Build.0 = Release|Any CPU
	EndGlobalSection
	GlobalSection(SolutionProperties) = preSolution
		HideSolutionNode = FALSE
	EndGlobalSection
EndGlobal
